
Microsoft Visual Studio Solution File, Format Version 12.00
# Visual Studio Version 16
VisualStudioVersion = 16.0.28803.156
MinimumVisualStudioVersion = 15.0.26124.0
Project("{2150E333-8FDC-42A3-9474-1A3956D46DE8}") = "src", "src", "{72464F74-187E-4389-89A1-1CC1C0B92DEB}"
EndProject
Project("{9A19103F-16F7-4668-BE54-9A1E7A4F7556}") = "AwsSignatureVersion4", "src\AwsSignatureVersion4.csproj", "{08416EA8-DE38-4676-A846-3F7D9D4E6945}"
EndProject
Project("{2150E333-8FDC-42A3-9474-1A3956D46DE8}") = "test", "test", "{F73A9A3F-178B-4D3D-B854-65797EBD2113}"
EndProject
Project("{9A19103F-16F7-4668-BE54-9A1E7A4F7556}") = "AwsSignatureVersion4.Test", "test\AwsSignatureVersion4.Test.csproj", "{606E4921-3C64-442D-B99E-6E46526C29F7}"
EndProject
Global
	GlobalSection(SolutionConfigurationPlatforms) = preSolution
		Debug|Any CPU = Debug|Any CPU
		Debug|x64 = Debug|x64
		Debug|x86 = Debug|x86
		Release|Any CPU = Release|Any CPU
		Release|x64 = Release|x64
		Release|x86 = Release|x86
	EndGlobalSection
	GlobalSection(ProjectConfigurationPlatforms) = postSolution
		{08416EA8-DE38-4676-A846-3F7D9D4E6945}.Debug|Any CPU.ActiveCfg = Debug|Any CPU
		{08416EA8-DE38-4676-A846-3F7D9D4E6945}.Debug|Any CPU.Build.0 = Debug|Any CPU
		{08416EA8-DE38-4676-A846-3F7D9D4E6945}.Debug|x64.ActiveCfg = Debug|Any CPU
		{08416EA8-DE38-4676-A846-3F7D9D4E6945}.Debug|x64.Build.0 = Debug|Any CPU
		{08416EA8-DE38-4676-A846-3F7D9D4E6945}.Debug|x86.ActiveCfg = Debug|Any CPU
		{08416EA8-DE38-4676-A846-3F7D9D4E6945}.Debug|x86.Build.0 = Debug|Any CPU
		{08416EA8-DE38-4676-A846-3F7D9D4E6945}.Release|Any CPU.ActiveCfg = Release|Any CPU
		{08416EA8-DE38-4676-A846-3F7D9D4E6945}.Release|Any CPU.Build.0 = Release|Any CPU
		{08416EA8-DE38-4676-A846-3F7D9D4E6945}.Release|x64.ActiveCfg = Release|Any CPU
		{08416EA8-DE38-4676-A846-3F7D9D4E6945}.Release|x64.Build.0 = Release|Any CPU
		{08416EA8-DE38-4676-A846-3F7D9D4E6945}.Release|x86.ActiveCfg = Release|Any CPU
		{08416EA8-DE38-4676-A846-3F7D9D4E6945}.Release|x86.Build.0 = Release|Any CPU
		{606E4921-3C64-442D-B99E-6E46526C29F7}.Debug|Any CPU.ActiveCfg = Debug|Any CPU
		{606E4921-3C64-442D-B99E-6E46526C29F7}.Debug|Any CPU.Build.0 = Debug|Any CPU
		{606E4921-3C64-442D-B99E-6E46526C29F7}.Debug|x64.ActiveCfg = Debug|Any CPU
		{606E4921-3C64-442D-B99E-6E46526C29F7}.Debug|x64.Build.0 = Debug|Any CPU
		{606E4921-3C64-442D-B99E-6E46526C29F7}.Debug|x86.ActiveCfg = Debug|Any CPU
		{606E4921-3C64-442D-B99E-6E46526C29F7}.Debug|x86.Build.0 = Debug|Any CPU
		{606E4921-3C64-442D-B99E-6E46526C29F7}.Release|Any CPU.ActiveCfg = Release|Any CPU
		{606E4921-3C64-442D-B99E-6E46526C29F7}.Release|Any CPU.Build.0 = Release|Any CPU
		{606E4921-3C64-442D-B99E-6E46526C29F7}.Release|x64.ActiveCfg = Release|Any CPU
		{606E4921-3C64-442D-B99E-6E46526C29F7}.Release|x64.Build.0 = Release|Any CPU
		{606E4921-3C64-442D-B99E-6E46526C29F7}.Release|x86.ActiveCfg = Release|Any CPU
		{606E4921-3C64-442D-B99E-6E46526C29F7}.Release|x86.Build.0 = Release|Any CPU
	EndGlobalSection
	GlobalSection(SolutionProperties) = preSolution
		HideSolutionNode = FALSE
	EndGlobalSection
	GlobalSection(NestedProjects) = preSolution
		{08416EA8-DE38-4676-A846-3F7D9D4E6945} = {72464F74-187E-4389-89A1-1CC1C0B92DEB}
		{606E4921-3C64-442D-B99E-6E46526C29F7} = {F73A9A3F-178B-4D3D-B854-65797EBD2113}
	EndGlobalSection
	GlobalSection(ExtensibilityGlobals) = postSolution
		SolutionGuid = {B3B57DFC-90CF-45B1-BADE-2B5E9DCF3F65}
	EndGlobalSection
EndGlobal
